// !$*UTF8*$!
{
	archiveVersion = 1;
	classes = {
	};
	objectVersion = 56;
	objects = {

/* Begin PBXBuildFile section */
		F73A7FFC298E73AA002C8B47 /* FileWifi.swift in Sources */ = {isa = PBXBuildFile; fileRef = F73A7FFB298E73AA002C8B47 /* FileWifi.swift */; };
		F74CE4A1299819980081ED19 /* InputCurrency.swift in Sources */ = {isa = PBXBuildFile; fileRef = F74CE4A0299819980081ED19 /* InputCurrency.swift */; };
		F7A2034B2983009C008319C9 /* Structures.swift in Sources */ = {isa = PBXBuildFile; fileRef = F7A2034A2983009C008319C9 /* Structures.swift */; };
		F7C9FF892997CF5B0099D075 /* NavigationController.swift in Sources */ = {isa = PBXBuildFile; fileRef = F7C9FF882997CF5B0099D075 /* NavigationController.swift */; };
		F7CB0F8029828F75009CD75B /* AppDelegate.swift in Sources */ = {isa = PBXBuildFile; fileRef = F7CB0F7F29828F75009CD75B /* AppDelegate.swift */; };
		F7CB0F8229828F75009CD75B /* SceneDelegate.swift in Sources */ = {isa = PBXBuildFile; fileRef = F7CB0F8129828F75009CD75B /* SceneDelegate.swift */; };
		F7CB0F8429828F75009CD75B /* AdditionalViewController.swift in Sources */ = {isa = PBXBuildFile; fileRef = F7CB0F8329828F75009CD75B /* AdditionalViewController.swift */; };
		F7CB0F8729828F75009CD75B /* Main.storyboard in Resources */ = {isa = PBXBuildFile; fileRef = F7CB0F8529828F75009CD75B /* Main.storyboard */; };
		F7CB0F8929828F75009CD75B /* Assets.xcassets in Resources */ = {isa = PBXBuildFile; fileRef = F7CB0F8829828F75009CD75B /* Assets.xcassets */; };
		F7CB0F8C29828F75009CD75B /* LaunchScreen.storyboard in Resources */ = {isa = PBXBuildFile; fileRef = F7CB0F8A29828F75009CD75B /* LaunchScreen.storyboard */; };
		F7FAA0D72990F64100F92C9F /* AdditionalTableViewCell.swift in Sources */ = {isa = PBXBuildFile; fileRef = F7FAA0D62990F64100F92C9F /* AdditionalTableViewCell.swift */; };
		F7FAA0D92991732200F92C9F /* MainTableViewCell.swift in Sources */ = {isa = PBXBuildFile; fileRef = F7FAA0D82991732200F92C9F /* MainTableViewCell.swift */; };
		F7FAA0DB2991736D00F92C9F /* MainViewController.swift in Sources */ = {isa = PBXBuildFile; fileRef = F7FAA0DA2991736D00F92C9F /* MainViewController.swift */; };
/* End PBXBuildFile section */

/* Begin PBXFileReference section */
		F73A7FFB298E73AA002C8B47 /* FileWifi.swift */ = {isa = PBXFileReference; lastKnownFileType = sourcecode.swift; path = FileWifi.swift; sourceTree = "<group>"; };
		F74CE4A0299819980081ED19 /* InputCurrency.swift */ = {isa = PBXFileReference; lastKnownFileType = sourcecode.swift; path = InputCurrency.swift; sourceTree = "<group>"; };
		F7A2034A2983009C008319C9 /* Structures.swift */ = {isa = PBXFileReference; lastKnownFileType = sourcecode.swift; path = Structures.swift; sourceTree = "<group>"; };
		F7C9FF882997CF5B0099D075 /* NavigationController.swift */ = {isa = PBXFileReference; lastKnownFileType = sourcecode.swift; path = NavigationController.swift; sourceTree = "<group>"; };
		F7CB0F7C29828F75009CD75B /* Convert.app */ = {isa = PBXFileReference; explicitFileType = wrapper.application; includeInIndex = 0; path = Convert.app; sourceTree = BUILT_PRODUCTS_DIR; };
		F7CB0F7F29828F75009CD75B /* AppDelegate.swift */ = {isa = PBXFileReference; lastKnownFileType = sourcecode.swift; path = AppDelegate.swift; sourceTree = "<group>"; };
		F7CB0F8129828F75009CD75B /* SceneDelegate.swift */ = {isa = PBXFileReference; lastKnownFileType = sourcecode.swift; path = SceneDelegate.swift; sourceTree = "<group>"; };
		F7CB0F8329828F75009CD75B /* AdditionalViewController.swift */ = {isa = PBXFileReference; lastKnownFileType = sourcecode.swift; path = AdditionalViewController.swift; sourceTree = "<group>"; };
		F7CB0F8629828F75009CD75B /* Base */ = {isa = PBXFileReference; lastKnownFileType = file.storyboard; name = Base; path = Base.lproj/Main.storyboard; sourceTree = "<group>"; };
		F7CB0F8829828F75009CD75B /* Assets.xcassets */ = {isa = PBXFileReference; lastKnownFileType = folder.assetcatalog; path = Assets.xcassets; sourceTree = "<group>"; };
		F7CB0F8B29828F75009CD75B /* Base */ = {isa = PBXFileReference; lastKnownFileType = file.storyboard; name = Base; path = Base.lproj/LaunchScreen.storyboard; sourceTree = "<group>"; };
		F7CB0F8D29828F75009CD75B /* Info.plist */ = {isa = PBXFileReference; lastKnownFileType = text.plist.xml; path = Info.plist; sourceTree = "<group>"; };
		F7FAA0D62990F64100F92C9F /* AdditionalTableViewCell.swift */ = {isa = PBXFileReference; lastKnownFileType = sourcecode.swift; path = AdditionalTableViewCell.swift; sourceTree = "<group>"; };
		F7FAA0D82991732200F92C9F /* MainTableViewCell.swift */ = {isa = PBXFileReference; lastKnownFileType = sourcecode.swift; path = MainTableViewCell.swift; sourceTree = "<group>"; };
		F7FAA0DA2991736D00F92C9F /* MainViewController.swift */ = {isa = PBXFileReference; lastKnownFileType = sourcecode.swift; path = MainViewController.swift; sourceTree = "<group>"; };
/* End PBXFileReference section */

/* Begin PBXFrameworksBuildPhase section */
		F7CB0F7929828F74009CD75B /* Frameworks */ = {
			isa = PBXFrameworksBuildPhase;
			buildActionMask = 2147483647;
			files = (
			);
			runOnlyForDeploymentPostprocessing = 0;
		};
/* End PBXFrameworksBuildPhase section */

/* Begin PBXGroup section */
		F7ACCE7F29899E99003793B1 /* Models */ = {
			isa = PBXGroup;
			children = (
				F7A2034A2983009C008319C9 /* Structures.swift */,
			);
			path = Models;
			sourceTree = "<group>";
		};
		F7ACCE8029899EAE003793B1 /* ViewControllers */ = {
			isa = PBXGroup;
			children = (
				F7C9FF882997CF5B0099D075 /* NavigationController.swift */,
				F7FAA0DA2991736D00F92C9F /* MainViewController.swift */,
				F7CB0F8329828F75009CD75B /* AdditionalViewController.swift */,
				F7FAA0D82991732200F92C9F /* MainTableViewCell.swift */,
				F7FAA0D62990F64100F92C9F /* AdditionalTableViewCell.swift */,
				F74CE4A0299819980081ED19 /* InputCurrency.swift */,
				F73A7FFB298E73AA002C8B47 /* FileWifi.swift */,
			);
			path = ViewControllers;
			sourceTree = "<group>";
		};
		F7ACCE8129899EBE003793B1 /* SupportingFiles */ = {
			isa = PBXGroup;
			children = (
				F7CB0F8D29828F75009CD75B /* Info.plist */,
				F7CB0F7F29828F75009CD75B /* AppDelegate.swift */,
				F7CB0F8129828F75009CD75B /* SceneDelegate.swift */,
			);
			path = SupportingFiles;
			sourceTree = "<group>";
		};
		F7ACCE8229899ECC003793B1 /* Storyboards */ = {
			isa = PBXGroup;
			children = (
				F7CB0F8529828F75009CD75B /* Main.storyboard */,
				F7CB0F8A29828F75009CD75B /* LaunchScreen.storyboard */,
			);
			path = Storyboards;
			sourceTree = "<group>";
		};
		F7ACCE8329899EEE003793B1 /* Sourse */ = {
			isa = PBXGroup;
			children = (
				F7CB0F8829828F75009CD75B /* Assets.xcassets */,
			);
			path = Sourse;
			sourceTree = "<group>";
		};
		F7CB0F7329828F74009CD75B = {
			isa = PBXGroup;
			children = (
				F7CB0F7E29828F75009CD75B /* Convert */,
				F7CB0F7D29828F75009CD75B /* Products */,
			);
			sourceTree = "<group>";
		};
		F7CB0F7D29828F75009CD75B /* Products */ = {
			isa = PBXGroup;
			children = (
				F7CB0F7C29828F75009CD75B /* Convert.app */,
			);
			name = Products;
			sourceTree = "<group>";
		};
		F7CB0F7E29828F75009CD75B /* Convert */ = {
			isa = PBXGroup;
			children = (
				F7ACCE8329899EEE003793B1 /* Sourse */,
				F7ACCE8229899ECC003793B1 /* Storyboards */,
				F7ACCE8129899EBE003793B1 /* SupportingFiles */,
				F7ACCE8029899EAE003793B1 /* ViewControllers */,
				F7ACCE7F29899E99003793B1 /* Models */,
			);
			path = Convert;
			sourceTree = "<group>";
		};
/* End PBXGroup section */

/* Begin PBXNativeTarget section */
		F7CB0F7B29828F74009CD75B /* Convert */ = {
			isa = PBXNativeTarget;
			buildConfigurationList = F7CB0F9029828F75009CD75B /* Build configuration list for PBXNativeTarget "Convert" */;
			buildPhases = (
				F7CB0F7829828F74009CD75B /* Sources */,
				F7CB0F7929828F74009CD75B /* Frameworks */,
				F7CB0F7A29828F74009CD75B /* Resources */,
			);
			buildRules = (
			);
			dependencies = (
			);
			name = Convert;
			productName = Convert;
			productReference = F7CB0F7C29828F75009CD75B /* Convert.app */;
			productType = "com.apple.product-type.application";
		};
/* End PBXNativeTarget section */

/* Begin PBXProject section */
		F7CB0F7429828F74009CD75B /* Project object */ = {
			isa = PBXProject;
			attributes = {
				BuildIndependentTargetsInParallel = 1;
				LastSwiftUpdateCheck = 1420;
				LastUpgradeCheck = 1420;
				TargetAttributes = {
					F7CB0F7B29828F74009CD75B = {
						CreatedOnToolsVersion = 14.2;
					};
				};
			};
			buildConfigurationList = F7CB0F7729828F74009CD75B /* Build configuration list for PBXProject "Convert" */;
			compatibilityVersion = "Xcode 14.0";
			developmentRegion = en;
			hasScannedForEncodings = 0;
			knownRegions = (
				en,
				Base,
			);
			mainGroup = F7CB0F7329828F74009CD75B;
			productRefGroup = F7CB0F7D29828F75009CD75B /* Products */;
			projectDirPath = "";
			projectRoot = "";
			targets = (
				F7CB0F7B29828F74009CD75B /* Convert */,
			);
		};
/* End PBXProject section */

/* Begin PBXResourcesBuildPhase section */
		F7CB0F7A29828F74009CD75B /* Resources */ = {
			isa = PBXResourcesBuildPhase;
			buildActionMask = 2147483647;
			files = (
				F7CB0F8C29828F75009CD75B /* LaunchScreen.storyboard in Resources */,
				F7CB0F8929828F75009CD75B /* Assets.xcassets in Resources */,
				F7CB0F8729828F75009CD75B /* Main.storyboard in Resources */,
			);
			runOnlyForDeploymentPostprocessing = 0;
		};
/* End PBXResourcesBuildPhase section */

/* Begin PBXSourcesBuildPhase section */
		F7CB0F7829828F74009CD75B /* Sources */ = {
			isa = PBXSourcesBuildPhase;
			buildActionMask = 2147483647;
			files = (
				F7A2034B2983009C008319C9 /* Structures.swift in Sources */,
				F7FAA0D72990F64100F92C9F /* AdditionalTableViewCell.swift in Sources */,
				F7FAA0D92991732200F92C9F /* MainTableViewCell.swift in Sources */,
				F7CB0F8429828F75009CD75B /* AdditionalViewController.swift in Sources */,
				F7CB0F8029828F75009CD75B /* AppDelegate.swift in Sources */,
				F74CE4A1299819980081ED19 /* InputCurrency.swift in Sources */,
				F7FAA0DB2991736D00F92C9F /* MainViewController.swift in Sources */,
				F7C9FF892997CF5B0099D075 /* NavigationController.swift in Sources */,
				F7CB0F8229828F75009CD75B /* SceneDelegate.swift in Sources */,
				F73A7FFC298E73AA002C8B47 /* FileWifi.swift in Sources */,
			);
			runOnlyForDeploymentPostprocessing = 0;
		};
/* End PBXSourcesBuildPhase section */

/* Begin PBXVariantGroup section */
		F7CB0F8529828F75009CD75B /* Main.storyboard */ = {
			isa = PBXVariantGroup;
			children = (
				F7CB0F8629828F75009CD75B /* Base */,
			);
			name = Main.storyboard;
			sourceTree = "<group>";
		};
		F7CB0F8A29828F75009CD75B /* LaunchScreen.storyboard */ = {
			isa = PBXVariantGroup;
			children = (
				F7CB0F8B29828F75009CD75B /* Base */,
			);
			name = LaunchScreen.storyboard;
			sourceTree = "<group>";
		};
/* End PBXVariantGroup section */

/* Begin XCBuildConfiguration section */
		F7CB0F8E29828F75009CD75B /* Debug */ = {
			isa = XCBuildConfiguration;
			buildSettings = {
				ALWAYS_SEARCH_USER_PATHS = NO;
				CLANG_ANALYZER_NONNULL = YES;
				CLANG_ANALYZER_NUMBER_OBJECT_CONVERSION = YES_AGGRESSIVE;
				CLANG_CXX_LANGUAGE_STANDARD = "gnu++20";
				CLANG_ENABLE_MODULES = YES;
				CLANG_ENABLE_OBJC_ARC = YES;
				CLANG_ENABLE_OBJC_WEAK = YES;
				CLANG_WARN_BLOCK_CAPTURE_AUTORELEASING = YES;
				CLANG_WARN_BOOL_CONVERSION = YES;
				CLANG_WARN_COMMA = YES;
				CLANG_WARN_CONSTANT_CONVERSION = YES;
				CLANG_WARN_DEPRECATED_OBJC_IMPLEMENTATIONS = YES;
				CLANG_WARN_DIRECT_OBJC_ISA_USAGE = YES_ERROR;
				CLANG_WARN_DOCUMENTATION_COMMENTS = YES;
				CLANG_WARN_EMPTY_BODY = YES;
				CLANG_WARN_ENUM_CONVERSION = YES;
				CLANG_WARN_INFINITE_RECURSION = YES;
				CLANG_WARN_INT_CONVERSION = YES;
				CLANG_WARN_NON_LITERAL_NULL_CONVERSION = YES;
				CLANG_WARN_OBJC_IMPLICIT_RETAIN_SELF = YES;
				CLANG_WARN_OBJC_LITERAL_CONVERSION = YES;
				CLANG_WARN_OBJC_ROOT_CLASS = YES_ERROR;
				CLANG_WARN_QUOTED_INCLUDE_IN_FRAMEWORK_HEADER = YES;
				CLANG_WARN_RANGE_LOOP_ANALYSIS = YES;
				CLANG_WARN_STRICT_PROTOTYPES = YES;
				CLANG_WARN_SUSPICIOUS_MOVE = YES;
				CLANG_WARN_UNGUARDED_AVAILABILITY = YES_AGGRESSIVE;
				CLANG_WARN_UNREACHABLE_CODE = YES;
				CLANG_WARN__DUPLICATE_METHOD_MATCH = YES;
				COPY_PHASE_STRIP = NO;
				DEBUG_INFORMATION_FORMAT = dwarf;
				ENABLE_STRICT_OBJC_MSGSEND = YES;
				ENABLE_TESTABILITY = YES;
				GCC_C_LANGUAGE_STANDARD = gnu11;
				GCC_DYNAMIC_NO_PIC = NO;
				GCC_NO_COMMON_BLOCKS = YES;
				GCC_OPTIMIZATION_LEVEL = 0;
				GCC_PREPROCESSOR_DEFINITIONS = (
					"DEBUG=1",
					"$(inherited)",
				);
				GCC_WARN_64_TO_32_BIT_CONVERSION = YES;
				GCC_WARN_ABOUT_RETURN_TYPE = YES_ERROR;
				GCC_WARN_UNDECLARED_SELECTOR = YES;
				GCC_WARN_UNINITIALIZED_AUTOS = YES_AGGRESSIVE;
				GCC_WARN_UNUSED_FUNCTION = YES;
				GCC_WARN_UNUSED_VARIABLE = YES;
				IPHONEOS_DEPLOYMENT_TARGET = 16.2;
				MTL_ENABLE_DEBUG_INFO = INCLUDE_SOURCE;
				MTL_FAST_MATH = YES;
				ONLY_ACTIVE_ARCH = YES;
				SDKROOT = iphoneos;
				SWIFT_ACTIVE_COMPILATION_CONDITIONS = DEBUG;
				SWIFT_OPTIMIZATION_LEVEL = "-Onone";
			};
			name = Debug;
		};
		F7CB0F8F29828F75009CD75B /* Release */ = {
			isa = XCBuildConfiguration;
			buildSettings = {
				ALWAYS_SEARCH_USER_PATHS = NO;
				CLANG_ANALYZER_NONNULL = YES;
				CLANG_ANALYZER_NUMBER_OBJECT_CONVERSION = YES_AGGRESSIVE;
				CLANG_CXX_LANGUAGE_STANDARD = "gnu++20";
				CLANG_ENABLE_MODULES = YES;
				CLANG_ENABLE_OBJC_ARC = YES;
				CLANG_ENABLE_OBJC_WEAK = YES;
				CLANG_WARN_BLOCK_CAPTURE_AUTORELEASING = YES;
				CLANG_WARN_BOOL_CONVERSION = YES;
				CLANG_WARN_COMMA = YES;
				CLANG_WARN_CONSTANT_CONVERSION = YES;
				CLANG_WARN_DEPRECATED_OBJC_IMPLEMENTATIONS = YES;
				CLANG_WARN_DIRECT_OBJC_ISA_USAGE = YES_ERROR;
				CLANG_WARN_DOCUMENTATION_COMMENTS = YES;
				CLANG_WARN_EMPTY_BODY = YES;
				CLANG_WARN_ENUM_CONVERSION = YES;
				CLANG_WARN_INFINITE_RECURSION = YES;
				CLANG_WARN_INT_CONVERSION = YES;
				CLANG_WARN_NON_LITERAL_NULL_CONVERSION = YES;
				CLANG_WARN_OBJC_IMPLICIT_RETAIN_SELF = YES;
				CLANG_WARN_OBJC_LITERAL_CONVERSION = YES;
				CLANG_WARN_OBJC_ROOT_CLASS = YES_ERROR;
				CLANG_WARN_QUOTED_INCLUDE_IN_FRAMEWORK_HEADER = YES;
				CLANG_WARN_RANGE_LOOP_ANALYSIS = YES;
				CLANG_WARN_STRICT_PROTOTYPES = YES;
				CLANG_WARN_SUSPICIOUS_MOVE = YES;
				CLANG_WARN_UNGUARDED_AVAILABILITY = YES_AGGRESSIVE;
				CLANG_WARN_UNREACHABLE_CODE = YES;
				CLANG_WARN__DUPLICATE_METHOD_MATCH = YES;
				COPY_PHASE_STRIP = NO;
				DEBUG_INFORMATION_FORMAT = "dwarf-with-dsym";
				ENABLE_NS_ASSERTIONS = NO;
				ENABLE_STRICT_OBJC_MSGSEND = YES;
				GCC_C_LANGUAGE_STANDARD = gnu11;
				GCC_NO_COMMON_BLOCKS = YES;
				GCC_WARN_64_TO_32_BIT_CONVERSION = YES;
				GCC_WARN_ABOUT_RETURN_TYPE = YES_ERROR;
				GCC_WARN_UNDECLARED_SELECTOR = YES;
				GCC_WARN_UNINITIALIZED_AUTOS = YES_AGGRESSIVE;
				GCC_WARN_UNUSED_FUNCTION = YES;
				GCC_WARN_UNUSED_VARIABLE = YES;
				IPHONEOS_DEPLOYMENT_TARGET = 16.2;
				MTL_ENABLE_DEBUG_INFO = NO;
				MTL_FAST_MATH = YES;
				SDKROOT = iphoneos;
				SWIFT_COMPILATION_MODE = wholemodule;
				SWIFT_OPTIMIZATION_LEVEL = "-O";
				VALIDATE_PRODUCT = YES;
			};
			name = Release;
		};
		F7CB0F9129828F75009CD75B /* Debug */ = {
			isa = XCBuildConfiguration;
			buildSettings = {
				ASSETCATALOG_COMPILER_APPICON_NAME = AppIcon;
				ASSETCATALOG_COMPILER_GLOBAL_ACCENT_COLOR_NAME = AccentColor;
				CODE_SIGN_STYLE = Automatic;
				CURRENT_PROJECT_VERSION = 1;
				DEVELOPMENT_TEAM = 5XHXPK88Y9;
				GENERATE_INFOPLIST_FILE = YES;
				INFOPLIST_FILE = Convert/SupportingFiles/Info.plist;
				INFOPLIST_KEY_UIApplicationSupportsIndirectInputEvents = YES;
				INFOPLIST_KEY_UILaunchStoryboardName = LaunchScreen;
				INFOPLIST_KEY_UIMainStoryboardFile = Main;
				INFOPLIST_KEY_UISupportedInterfaceOrientations_iPad = "UIInterfaceOrientationPortrait UIInterfaceOrientationPortraitUpsideDown UIInterfaceOrientationLandscapeLeft UIInterfaceOrientationLandscapeRight";
				INFOPLIST_KEY_UISupportedInterfaceOrientations_iPhone = "UIInterfaceOrientationPortrait UIInterfaceOrientationLandscapeLeft UIInterfaceOrientationLandscapeRight";
				IPHONEOS_DEPLOYMENT_TARGET = 14.0;
				LD_RUNPATH_SEARCH_PATHS = (
					"$(inherited)",
					"@executable_path/Frameworks",
				);
				MARKETING_VERSION = 1.0;
				PRODUCT_BUNDLE_IDENTIFIER = com.lin.Convert;
				PRODUCT_NAME = "$(TARGET_NAME)";
				SWIFT_EMIT_LOC_STRINGS = YES;
				SWIFT_VERSION = 5.0;
				TARGETED_DEVICE_FAMILY = "1,2";
			};
			name = Debug;
		};
		F7CB0F9229828F75009CD75B /* Release */ = {
			isa = XCBuildConfiguration;
			buildSettings = {
				ASSETCATALOG_COMPILER_APPICON_NAME = AppIcon;
				ASSETCATALOG_COMPILER_GLOBAL_ACCENT_COLOR_NAME = AccentColor;
				CODE_SIGN_STYLE = Automatic;
				CURRENT_PROJECT_VERSION = 1;
				DEVELOPMENT_TEAM = 5XHXPK88Y9;
				GENERATE_INFOPLIST_FILE = YES;
				INFOPLIST_FILE = Convert/SupportingFiles/Info.plist;
				INFOPLIST_KEY_UIApplicationSupportsIndirectInputEvents = YES;
				INFOPLIST_KEY_UILaunchStoryboardName = LaunchScreen;
				INFOPLIST_KEY_UIMainStoryboardFile = Main;
				INFOPLIST_KEY_UISupportedInterfaceOrientations_iPad = "UIInterfaceOrientationPortrait UIInterfaceOrientationPortraitUpsideDown UIInterfaceOrientationLandscapeLeft UIInterfaceOrientationLandscapeRight";
				INFOPLIST_KEY_UISupportedInterfaceOrientations_iPhone = "UIInterfaceOrientationPortrait UIInterfaceOrientationLandscapeLeft UIInterfaceOrientationLandscapeRight";
				IPHONEOS_DEPLOYMENT_TARGET = 14.0;
				LD_RUNPATH_SEARCH_PATHS = (
					"$(inherited)",
					"@executable_path/Frameworks",
				);
				MARKETING_VERSION = 1.0;
				PRODUCT_BUNDLE_IDENTIFIER = com.lin.Convert;
				PRODUCT_NAME = "$(TARGET_NAME)";
				SWIFT_EMIT_LOC_STRINGS = YES;
				SWIFT_VERSION = 5.0;
				TARGETED_DEVICE_FAMILY = "1,2";
			};
			name = Release;
		};
/* End XCBuildConfiguration section */

/* Begin XCConfigurationList section */
		F7CB0F7729828F74009CD75B /* Build configuration list for PBXProject "Convert" */ = {
			isa = XCConfigurationList;
			buildConfigurations = (
				F7CB0F8E29828F75009CD75B /* Debug */,
				F7CB0F8F29828F75009CD75B /* Release */,
			);
			defaultConfigurationIsVisible = 0;
			defaultConfigurationName = Release;
		};
		F7CB0F9029828F75009CD75B /* Build configuration list for PBXNativeTarget "Convert" */ = {
			isa = XCConfigurationList;
			buildConfigurations = (
				F7CB0F9129828F75009CD75B /* Debug */,
				F7CB0F9229828F75009CD75B /* Release */,
			);
			defaultConfigurationIsVisible = 0;
			defaultConfigurationName = Release;
		};
/* End XCConfigurationList section */
	};
	rootObject = F7CB0F7429828F74009CD75B /* Project object */;
}
